
Microsoft Visual Studio Solution File, Format Version 12.00
# Visual Studio 15
VisualStudioVersion = 15.0.28010.2050
MinimumVisualStudioVersion = 10.0.40219.1
Project("{9A19103F-16F7-4668-BE54-9A1E7A4F7556}") = "Core.Api.Swagger", "Core.Api.Swagger\Core.Api.Swagger.csproj", "{2B485D43-A854-43C3-9670-EAB18AA57889}"
EndProject
Project("{FAE04EC0-301F-11D3-BF4B-00C04F79EFBC}") = "Core.Api.Swagger.Client", "Core.Api.Swagger.Client\Core.Api.Swagger.Client.csproj", "{C006884C-4111-4C70-B397-840BC423ED5F}"
EndProject
Global
	GlobalSection(SolutionConfigurationPlatforms) = preSolution
		Debug|Any CPU = Debug|Any CPU
		Release|Any CPU = Release|Any CPU
	EndGlobalSection
	GlobalSection(ProjectConfigurationPlatforms) = postSolution
		{2B485D43-A854-43C3-9670-EAB18AA57889}.Debug|Any CPU.ActiveCfg = Debug|Any CPU
		{2B485D43-A854-43C3-9670-EAB18AA57889}.Debug|Any CPU.Build.0 = Debug|Any CPU
		{2B485D43-A854-43C3-9670-EAB18AA57889}.Release|Any CPU.ActiveCfg = Release|Any CPU
		{2B485D43-A854-43C3-9670-EAB18AA57889}.Release|Any CPU.Build.0 = Release|Any CPU
		{C006884C-4111-4C70-B397-840BC423ED5F}.Debug|Any CPU.ActiveCfg = Debug|Any CPU
		{C006884C-4111-4C70-B397-840BC423ED5F}.Debug|Any CPU.Build.0 = Debug|Any CPU
		{C006884C-4111-4C70-B397-840BC423ED5F}.Release|Any CPU.ActiveCfg = Release|Any CPU
		{C006884C-4111-4C70-B397-840BC423ED5F}.Release|Any CPU.Build.0 = Release|Any CPU
	EndGlobalSection
	GlobalSection(SolutionProperties) = preSolution
		HideSolutionNode = FALSE
	EndGlobalSection
	GlobalSection(ExtensibilityGlobals) = postSolution
		SolutionGuid = {BB43A41D-3D5C-45F9-87AD-A1E07954D07C}
	EndGlobalSection
EndGlobal
